<?xml version="1.0" encoding="utf-8"?>
<Project ToolsVersion="4.0" xmlns="http://schemas.microsoft.com/developer/msbuild/2003">
  <ItemGroup>
    <Filter Include="소스 파일">
      <UniqueIdentifier>{4FC737F1-C7A5-4376-A066-2A32D752A2FF}</UniqueIdentifier>
      <Extensions>cpp;c;cc;cxx;def;odl;idl;hpj;bat;asm;asmx</Extensions>
    </Filter>
    <Filter Include="헤더 파일">
      <UniqueIdentifier>{93995380-89BD-4b04-88EB-625FBE52EBFB}</UniqueIdentifier>
      <Extensions>h;hh;hpp;hxx;hm;inl;inc;ipp;xsd</Extensions>
    </Filter>
    <Filter Include="리소스 파일">
      <UniqueIdentifier>{67DA6AB6-F800-4c08-8B7A-83BB121AAD01}</UniqueIdentifier>
      <Extensions>rc;ico;cur;bmp;dlg;rc2;rct;bin;rgs;gif;jpg;jpeg;jpe;resx;tiff;tif;png;wav;mfcribbon-ms</Extensions>
    </Filter>
    <Filter Include="소스 파일\crawler">
      <UniqueIdentifier>{89a0b2e6-1471-4983-aa6b-58a23344f962}</UniqueIdentifier>
    </Filter>
    <Filter Include="소스 파일\crawler\dto">
      <UniqueIdentifier>{66ca0b3c-7a36-443b-aab3-cf520a6f110d}</UniqueIdentifier>
    </Filter>
    <Filter Include="소스 파일\network">
      <UniqueIdentifier>{cb0df64a-22b9-45f8-bb3a-1aaf0258a99c}</UniqueIdentifier>
    </Filter>
    <Filter Include="소스 파일\network\https">
      <UniqueIdentifier>{5c29f7bb-79ad-499c-accd-02247f829862}</UniqueIdentifier>
    </Filter>
    <Filter Include="소스 파일\ui">
      <UniqueIdentifier>{249998ab-de58-4a4f-9469-887cd3ee6fe7}</UniqueIdentifier>
    </Filter>
  </ItemGroup>
  <ItemGroup>
    <ClInclude Include="MFCExample.h">
      <Filter>헤더 파일</Filter>
    </ClInclude>
    <ClInclude Include="MFCExampleDlg.h">
      <Filter>헤더 파일</Filter>
    </ClInclude>
    <ClInclude Include="framework.h">
      <Filter>헤더 파일</Filter>
    </ClInclude>
    <ClInclude Include="targetver.h">
      <Filter>헤더 파일</Filter>
    </ClInclude>
    <ClInclude Include="Resource.h">
      <Filter>헤더 파일</Filter>
    </ClInclude>
    <ClInclude Include="pch.h">
      <Filter>헤더 파일</Filter>
    </ClInclude>
    <ClInclude Include="CrawlerInfo.h">
      <Filter>소스 파일\crawler\dto</Filter>
    </ClInclude>
    <ClInclude Include="BlogCrawlerImpl.h">
      <Filter>소스 파일\crawler</Filter>
    </ClInclude>
    <ClInclude Include="Crawler.h">
      <Filter>소스 파일\crawler</Filter>
    </ClInclude>
    <ClInclude Include="Client.h">
      <Filter>소스 파일\network</Filter>
    </ClInclude>
    <ClInclude Include="HttpsClient.h">
      <Filter>소스 파일\network\https</Filter>
    </ClInclude>
    <ClInclude Include="RoundButton.h">
      <Filter>소스 파일\ui</Filter>
    </ClInclude>
  </ItemGroup>
  <ItemGroup>
    <ClCompile Include="MFCExample.cpp">
      <Filter>소스 파일</Filter>
    </ClCompile>
    <ClCompile Include="MFCExampleDlg.cpp">
      <Filter>소스 파일</Filter>
    </ClCompile>
    <ClCompile Include="pch.cpp">
      <Filter>소스 파일</Filter>
    </ClCompile>
    <ClCompile Include="CrawlerInfo.cpp">
      <Filter>소스 파일\crawler\dto</Filter>
    </ClCompile>
    <ClCompile Include="BlogCrawlerImpl.cpp">
      <Filter>소스 파일\crawler</Filter>
    </ClCompile>
    <ClCompile Include="Client.cpp">
      <Filter>소스 파일\network</Filter>
    </ClCompile>
    <ClCompile Include="HttpsClient.cpp">
      <Filter>소스 파일\network\https</Filter>
    </ClCompile>
    <ClCompile Include="RoundButton.cpp">
      <Filter>소스 파일\ui</Filter>
    </ClCompile>
  </ItemGroup>
  <ItemGroup>
    <ResourceCompile Include="MFCExample.rc">
      <Filter>리소스 파일</Filter>
    </ResourceCompile>
  </ItemGroup>
  <ItemGroup>
    <None Include="res\MFCExample.rc2">
      <Filter>리소스 파일</Filter>
    </None>
    <None Include="packages.config" />
  </ItemGroup>
  <ItemGroup>
    <Image Include="res\MFCExample.ico">
      <Filter>리소스 파일</Filter>
    </Image>
  </ItemGroup>
</Project>